// !$*UTF8*$!
{
	archiveVersion = 1;
	classes = {
	};
	objectVersion = 46;
	objects = {

/* Begin PBXBuildFile section */
		359990F51DABD8F800BDE1AF /* main.swift in Sources */ = {isa = PBXBuildFile; fileRef = 359990F41DABD8F800BDE1AF /* main.swift */; };
		359990FC1DABDB5E00BDE1AF /* interactive.swift in Sources */ = {isa = PBXBuildFile; fileRef = 359990FB1DABDB5E00BDE1AF /* interactive.swift */; };
		359990FE1DABE58100BDE1AF /* io.swift in Sources */ = {isa = PBXBuildFile; fileRef = 359990FD1DABE58100BDE1AF /* io.swift */; };
		359991001DAC04F500BDE1AF /* TipCalculator.swift in Sources */ = {isa = PBXBuildFile; fileRef = 359990FF1DAC04F500BDE1AF /* TipCalculator.swift */; };
/* End PBXBuildFile section */

/* Begin PBXCopyFilesBuildPhase section */
		359990EF1DABD8F700BDE1AF /* CopyFiles */ = {
			isa = PBXCopyFilesBuildPhase;
			buildActionMask = 2147483647;
			dstPath = /usr/share/man/man1/;
			dstSubfolderSpec = 0;
			files = (
			);
			runOnlyForDeploymentPostprocessing = 1;
		};
/* End PBXCopyFilesBuildPhase section */

/* Begin PBXFileReference section */
		359990F11DABD8F800BDE1AF /* Tip Calculator macOS */ = {isa = PBXFileReference; explicitFileType = "compiled.mach-o.executable"; includeInIndex = 0; path = "Tip Calculator macOS"; sourceTree = BUILT_PRODUCTS_DIR; };
		359990F41DABD8F800BDE1AF /* main.swift */ = {isa = PBXFileReference; lastKnownFileType = sourcecode.swift; path = main.swift; sourceTree = "<group>"; };
		359990FB1DABDB5E00BDE1AF /* interactive.swift */ = {isa = PBXFileReference; fileEncoding = 4; lastKnownFileType = sourcecode.swift; path = interactive.swift; sourceTree = "<group>"; };
		359990FD1DABE58100BDE1AF /* io.swift */ = {isa = PBXFileReference; fileEncoding = 4; lastKnownFileType = sourcecode.swift; path = io.swift; sourceTree = "<group>"; };
		359990FF1DAC04F500BDE1AF /* TipCalculator.swift */ = {isa = PBXFileReference; fileEncoding = 4; lastKnownFileType = sourcecode.swift; path = TipCalculator.swift; sourceTree = "<group>"; };
/* End PBXFileReference section */

/* Begin PBXFrameworksBuildPhase section */
		359990EE1DABD8F700BDE1AF /* Frameworks */ = {
			isa = PBXFrameworksBuildPhase;
			buildActionMask = 2147483647;
			files = (
			);
			runOnlyForDeploymentPostprocessing = 0;
		};
/* End PBXFrameworksBuildPhase section */

/* Begin PBXGroup section */
		359990E81DABD8F700BDE1AF = {
			isa = PBXGroup;
			children = (
				359990F31DABD8F800BDE1AF /* Tip Calculator macOS */,
				359990F21DABD8F800BDE1AF /* Products */,
			);
			sourceTree = "<group>";
		};
		359990F21DABD8F800BDE1AF /* Products */ = {
			isa = PBXGroup;
			children = (
				359990F11DABD8F800BDE1AF /* Tip Calculator macOS */,
			);
			name = Products;
			sourceTree = "<group>";
		};
		359990F31DABD8F800BDE1AF /* Tip Calculator macOS */ = {
			isa = PBXGroup;
			children = (
				359990F41DABD8F800BDE1AF /* main.swift */,
				359990FB1DABDB5E00BDE1AF /* interactive.swift */,
				359990FD1DABE58100BDE1AF /* io.swift */,
				359990FF1DAC04F500BDE1AF /* TipCalculator.swift */,
			);
			path = "Tip Calculator macOS";
			sourceTree = "<group>";
		};
/* End PBXGroup section */

/* Begin PBXNativeTarget section */
		359990F01DABD8F700BDE1AF /* Tip Calculator macOS */ = {
			isa = PBXNativeTarget;
			buildConfigurationList = 359990F81DABD8F800BDE1AF /* Build configuration list for PBXNativeTarget "Tip Calculator macOS" */;
			buildPhases = (
				359990ED1DABD8F700BDE1AF /* Sources */,
				359990EE1DABD8F700BDE1AF /* Frameworks */,
				359990EF1DABD8F700BDE1AF /* CopyFiles */,
			);
			buildRules = (
			);
			dependencies = (
			);
			name = "Tip Calculator macOS";
			productName = "Tip Calculator macOS";
			productReference = 359990F11DABD8F800BDE1AF /* Tip Calculator macOS */;
			productType = "com.apple.product-type.tool";
		};
/* End PBXNativeTarget section */

/* Begin PBXProject section */
		359990E91DABD8F700BDE1AF /* Project object */ = {
			isa = PBXProject;
			attributes = {
				LastSwiftUpdateCheck = 0800;
				LastUpgradeCheck = 0800;
				ORGANIZATIONNAME = "Riley Osborne";
				TargetAttributes = {
					359990F01DABD8F700BDE1AF = {
						CreatedOnToolsVersion = 8.0;
						ProvisioningStyle = Automatic;
					};
				};
			};
			buildConfigurationList = 359990EC1DABD8F700BDE1AF /* Build configuration list for PBXProject "Tip Calculator macOS" */;
			compatibilityVersion = "Xcode 3.2";
			developmentRegion = English;
			hasScannedForEncodings = 0;
			knownRegions = (
				en,
			);
			mainGroup = 359990E81DABD8F700BDE1AF;
			productRefGroup = 359990F21DABD8F800BDE1AF /* Products */;
			projectDirPath = "";
			projectRoot = "";
			targets = (
				359990F01DABD8F700BDE1AF /* Tip Calculator macOS */,
			);
		};
/* End PBXProject section */

/* Begin PBXSourcesBuildPhase section */
		359990ED1DABD8F700BDE1AF /* Sources */ = {
			isa = PBXSourcesBuildPhase;
			buildActionMask = 2147483647;
			files = (
				359990FC1DABDB5E00BDE1AF /* interactive.swift in Sources */,
				359991001DAC04F500BDE1AF /* TipCalculator.swift in Sources */,
				359990FE1DABE58100BDE1AF /* io.swift in Sources */,
				359990F51DABD8F800BDE1AF /* main.swift in Sources */,
			);
			runOnlyForDeploymentPostprocessing = 0;
		};
/* End PBXSourcesBuildPhase section */

/* Begin XCBuildConfiguration section */
		359990F61DABD8F800BDE1AF /* Debug */ = {
			isa = XCBuildConfiguration;
			buildSettings = {
				ALWAYS_SEARCH_USER_PATHS = NO;
				CLANG_ANALYZER_NONNULL = YES;
				CLANG_CXX_LANGUAGE_STANDARD = "gnu++0x";
				CLANG_CXX_LIBRARY = "libc++";
				CLANG_ENABLE_MODULES = YES;
				CLANG_ENABLE_OBJC_ARC = YES;
				CLANG_WARN_BOOL_CONVERSION = YES;
				CLANG_WARN_CONSTANT_CONVERSION = YES;
				CLANG_WARN_DIRECT_OBJC_ISA_USAGE = YES_ERROR;
				CLANG_WARN_DOCUMENTATION_COMMENTS = YES;
				CLANG_WARN_EMPTY_BODY = YES;
				CLANG_WARN_ENUM_CONVERSION = YES;
				CLANG_WARN_INFINITE_RECURSION = YES;
				CLANG_WARN_INT_CONVERSION = YES;
				CLANG_WARN_OBJC_ROOT_CLASS = YES_ERROR;
				CLANG_WARN_SUSPICIOUS_MOVES = YES;
				CLANG_WARN_UNREACHABLE_CODE = YES;
				CLANG_WARN__DUPLICATE_METHOD_MATCH = YES;
				CODE_SIGN_IDENTITY = "-";
				COPY_PHASE_STRIP = NO;
				DEBUG_INFORMATION_FORMAT = dwarf;
				ENABLE_STRICT_OBJC_MSGSEND = YES;
				ENABLE_TESTABILITY = YES;
				GCC_C_LANGUAGE_STANDARD = gnu99;
				GCC_DYNAMIC_NO_PIC = NO;
				GCC_NO_COMMON_BLOCKS = YES;
				GCC_OPTIMIZATION_LEVEL = 0;
				GCC_PREPROCESSOR_DEFINITIONS = (
					"DEBUG=1",
					"$(inherited)",
				);
				GCC_WARN_64_TO_32_BIT_CONVERSION = YES;
				GCC_WARN_ABOUT_RETURN_TYPE = YES_ERROR;
				GCC_WARN_UNDECLARED_SELECTOR = YES;
				GCC_WARN_UNINITIALIZED_AUTOS = YES_AGGRESSIVE;
				GCC_WARN_UNUSED_FUNCTION = YES;
				GCC_WARN_UNUSED_VARIABLE = YES;
				MACOSX_DEPLOYMENT_TARGET = 10.11;
				MTL_ENABLE_DEBUG_INFO = YES;
				ONLY_ACTIVE_ARCH = YES;
				SDKROOT = macosx;
				SWIFT_OPTIMIZATION_LEVEL = "-Onone";
			};
			name = Debug;
		};
		359990F71DABD8F800BDE1AF /* Release */ = {
			isa = XCBuildConfiguration;
			buildSettings = {
				ALWAYS_SEARCH_USER_PATHS = NO;
				CLANG_ANALYZER_NONNULL = YES;
				CLANG_CXX_LANGUAGE_STANDARD = "gnu++0x";
				CLANG_CXX_LIBRARY = "libc++";
				CLANG_ENABLE_MODULES = YES;
				CLANG_ENABLE_OBJC_ARC = YES;
				CLANG_WARN_BOOL_CONVERSION = YES;
				CLANG_WARN_CONSTANT_CONVERSION = YES;
				CLANG_WARN_DIRECT_OBJC_ISA_USAGE = YES_ERROR;
				CLANG_WARN_DOCUMENTATION_COMMENTS = YES;
				CLANG_WARN_EMPTY_BODY = YES;
				CLANG_WARN_ENUM_CONVERSION = YES;
				CLANG_WARN_INFINITE_RECURSION = YES;
				CLANG_WARN_INT_CONVERSION = YES;
				CLANG_WARN_OBJC_ROOT_CLASS = YES_ERROR;
				CLANG_WARN_SUSPICIOUS_MOVES = YES;
				CLANG_WARN_UNREACHABLE_CODE = YES;
				CLANG_WARN__DUPLICATE_METHOD_MATCH = YES;
				CODE_SIGN_IDENTITY = "-";
				COPY_PHASE_STRIP = NO;
				DEBUG_INFORMATION_FORMAT = "dwarf-with-dsym";
				ENABLE_NS_ASSERTIONS = NO;
				ENABLE_STRICT_OBJC_MSGSEND = YES;
				GCC_C_LANGUAGE_STANDARD = gnu99;
				GCC_NO_COMMON_BLOCKS = YES;
				GCC_WARN_64_TO_32_BIT_CONVERSION = YES;
				GCC_WARN_ABOUT_RETURN_TYPE = YES_ERROR;
				GCC_WARN_UNDECLARED_SELECTOR = YES;
				GCC_WARN_UNINITIALIZED_AUTOS = YES_AGGRESSIVE;
				GCC_WARN_UNUSED_FUNCTION = YES;
				GCC_WARN_UNUSED_VARIABLE = YES;
				MACOSX_DEPLOYMENT_TARGET = 10.11;
				MTL_ENABLE_DEBUG_INFO = NO;
				SDKROOT = macosx;
			};
			name = Release;
		};
		359990F91DABD8F800BDE1AF /* Debug */ = {
			isa = XCBuildConfiguration;
			buildSettings = {
				PRODUCT_NAME = "$(TARGET_NAME)";
				SWIFT_VERSION = 3.0;
			};
			name = Debug;
		};
		359990FA1DABD8F800BDE1AF /* Release */ = {
			isa = XCBuildConfiguration;
			buildSettings = {
				PRODUCT_NAME = "$(TARGET_NAME)";
				SWIFT_VERSION = 3.0;
			};
			name = Release;
		};
/* End XCBuildConfiguration section */

/* Begin XCConfigurationList section */
		359990EC1DABD8F700BDE1AF /* Build configuration list for PBXProject "Tip Calculator macOS" */ = {
			isa = XCConfigurationList;
			buildConfigurations = (
				359990F61DABD8F800BDE1AF /* Debug */,
				359990F71DABD8F800BDE1AF /* Release */,
			);
			defaultConfigurationIsVisible = 0;
			defaultConfigurationName = Release;
		};
		359990F81DABD8F800BDE1AF /* Build configuration list for PBXNativeTarget "Tip Calculator macOS" */ = {
			isa = XCConfigurationList;
			buildConfigurations = (
				359990F91DABD8F800BDE1AF /* Debug */,
				359990FA1DABD8F800BDE1AF /* Release */,
			);
			defaultConfigurationIsVisible = 0;
		};
/* End XCConfigurationList section */
	};
	rootObject = 359990E91DABD8F700BDE1AF /* Project object */;
}
